version: 6
environments:
  default:
    channels:
    - url: https://prefix.dev/rock-the-conda-strix/
    - url: https://prefix.dev/conda-forge/
    options:
      pypi-prerelease-mode: if-necessary-or-explicit
    packages:
      linux-64:
      - conda: https://prefix.dev/conda-forge/linux-64/_openmp_mutex-4.5-7_kmp_llvm.conda
      - conda: https://prefix.dev/conda-forge/linux-64/bzip2-1.0.8-hda65f42_9.conda
      - conda: https://prefix.dev/conda-forge/linux-64/c-ares-1.34.6-hb03c661_0.conda
      - conda: https://prefix.dev/conda-forge/noarch/ca-certificates-2026.2.25-hbd8a1cb_0.conda
      - conda: https://prefix.dev/conda-forge/linux-64/curl-8.19.0-hcf29cc6_0.conda
      - conda: https://prefix.dev/conda-forge/linux-64/elfutils-0.192-hebdcf93_2.conda
      - conda: https://prefix.dev/conda-forge/linux-64/fmt-11.2.0-h07f6e7f_0.conda
      - conda: https://prefix.dev/conda-forge/linux-64/glslang-16.2.0-h96af755_1.conda
      - conda: https://prefix.dev/conda-forge/linux-64/gmp-6.3.0-hac33072_2.conda
      - conda: https://prefix.dev/conda-forge/linux-64/gnutls-3.8.11-h18acefa_1.conda
      - conda: https://prefix.dev/rock-the-conda-strix/linux-64/hip-runtime-amd-7.0.2-hf88c81a_1.conda
      - conda: https://prefix.dev/rock-the-conda-strix/linux-64/hipblas-7.0.2-h3fa750f_0.conda
      - conda: https://prefix.dev/rock-the-conda-strix/linux-64/hipblaslt-7.0.2-h978cf63_0.conda
      - conda: https://prefix.dev/conda-forge/linux-64/icu-78.3-h33c6efd_0.conda
      - conda: https://prefix.dev/conda-forge/linux-64/keyutils-1.6.3-hb9d3cd8_0.conda
      - conda: https://prefix.dev/conda-forge/linux-64/krb5-1.22.2-ha1258a1_0.conda
      - conda: https://prefix.dev/conda-forge/linux-64/libarchive-3.8.6-gpl_hc2c16d8_100.conda
      - conda: https://prefix.dev/conda-forge/linux-64/libboost-1.86.0-hd24cca6_5.conda
      - conda: https://prefix.dev/conda-forge/linux-64/libcurl-8.19.0-hcf29cc6_0.conda
      - conda: https://prefix.dev/conda-forge/linux-64/libdrm-2.4.125-hb03c661_1.conda
      - conda: https://prefix.dev/conda-forge/linux-64/libedit-3.1.20250104-pl5321h7949ede_0.conda
      - conda: https://prefix.dev/conda-forge/linux-64/libev-4.33-hd590300_2.conda
      - conda: https://prefix.dev/conda-forge/linux-64/libffi-3.5.2-h3435931_0.conda
      - conda: https://prefix.dev/conda-forge/linux-64/libgcc-15.2.0-he0feb66_18.conda
      - conda: https://prefix.dev/conda-forge/linux-64/libgcc-ng-15.2.0-h69a702a_18.conda
      - conda: https://prefix.dev/conda-forge/linux-64/libgfortran-15.2.0-h69a702a_18.conda
      - conda: https://prefix.dev/conda-forge/linux-64/libgfortran5-15.2.0-h68bc16d_18.conda
      - conda: https://prefix.dev/conda-forge/linux-64/libiconv-1.18-h3b78370_2.conda
      - conda: https://prefix.dev/conda-forge/linux-64/libidn2-2.3.8-hfac485b_1.conda
      - conda: https://prefix.dev/conda-forge/linux-64/libllvm20-20.1.8-hf7376ad_1.conda
      - conda: https://prefix.dev/conda-forge/linux-64/liblzma-5.8.2-hb03c661_0.conda
      - conda: https://prefix.dev/conda-forge/linux-64/libmicrohttpd-1.0.2-hc2fc477_0.conda
      - conda: https://prefix.dev/conda-forge/linux-64/libnghttp2-1.68.1-h877daf1_0.conda
      - conda: https://prefix.dev/conda-forge/linux-64/libnuma-2.0.18-hb03c661_3.conda
      - conda: https://prefix.dev/conda-forge/linux-64/libpciaccess-0.18-hb9d3cd8_0.conda
      - conda: https://prefix.dev/conda-forge/linux-64/libsqlite-3.52.0-hf4e2dac_0.conda
      - conda: https://prefix.dev/conda-forge/linux-64/libssh2-1.11.1-hcf80075_0.conda
      - conda: https://prefix.dev/conda-forge/linux-64/libstdcxx-15.2.0-h934c35e_18.conda
      - conda: https://prefix.dev/conda-forge/linux-64/libstdcxx-ng-15.2.0-hdf11a46_18.conda
      - conda: https://prefix.dev/conda-forge/linux-64/libtasn1-4.21.0-hb03c661_0.conda
      - conda: https://prefix.dev/conda-forge/linux-64/libunistring-0.9.10-h7f98852_0.tar.bz2
      - conda: https://prefix.dev/conda-forge/linux-64/libvulkan-loader-1.4.341.0-h5279c79_0.conda
      - conda: https://prefix.dev/conda-forge/linux-64/libxcb-1.17.0-h8a09558_0.conda
      - conda: https://prefix.dev/conda-forge/linux-64/libxml2-16-2.15.2-hca6bf5a_0.conda
      - conda: https://prefix.dev/conda-forge/linux-64/libxml2-2.15.2-he237659_0.conda
      - conda: https://prefix.dev/conda-forge/linux-64/libzlib-1.3.2-h25fd6f3_2.conda
      - conda: https://prefix.dev/rock-the-conda-strix/linux-64/llama.cpp-8224-rocm70_h0116fc4_0.conda
      - conda: https://prefix.dev/conda-forge/linux-64/llvm-openmp-22.1.2-h4922eb0_0.conda
      - conda: https://prefix.dev/conda-forge/linux-64/lz4-c-1.10.0-h5888daf_1.conda
      - conda: https://prefix.dev/conda-forge/linux-64/lzo-2.10-h280c20c_1002.conda
      - conda: https://prefix.dev/conda-forge/linux-64/msgpack-cxx-7.0.0-h9fb26e6_0.conda
      - conda: https://prefix.dev/conda-forge/linux-64/ncurses-6.5-h2d0b736_3.conda
      - conda: https://prefix.dev/conda-forge/linux-64/nettle-3.10.1-h4a9d5aa_0.conda
      - conda: https://prefix.dev/conda-forge/linux-64/openssl-3.6.1-h35e630c_1.conda
      - conda: https://prefix.dev/conda-forge/linux-64/p11-kit-0.26.2-h3435931_0.conda
      - conda: https://prefix.dev/conda-forge/linux-64/pthread-stubs-0.4-hb9d3cd8_1002.conda
      - conda: https://prefix.dev/conda-forge/noarch/python_abi-3.10-8_cp310.conda
      - conda: https://prefix.dev/rock-the-conda-strix/linux-64/rocblas-7.0.2-h75aaa01_0.conda
      - conda: https://prefix.dev/rock-the-conda-strix/linux-64/rocm-comgr-7.0.2-h869bcad_0.conda
      - conda: https://prefix.dev/rock-the-conda-strix/linux-64/rocm-core-7.0.2-hc2501f5_0.conda
      - conda: https://prefix.dev/rock-the-conda-strix/linux-64/rocm-smi-7.0.2-hf88c81a_0.conda
      - conda: https://prefix.dev/rock-the-conda-strix/linux-64/rocr-runtime-7.0.2-h2d6932b_0.conda
      - conda: https://prefix.dev/rock-the-conda-strix/linux-64/rocsolver-7.0.2-h7088647_0.conda
      - conda: https://prefix.dev/rock-the-conda-strix/linux-64/roctracer-7.0.2-h7088647_0.conda
      - conda: https://prefix.dev/conda-forge/linux-64/shaderc-2025.5-h718be3e_1.conda
      - conda: https://prefix.dev/conda-forge/linux-64/spdlog-1.15.3-h6dc744f_1.conda
      - conda: https://prefix.dev/conda-forge/linux-64/spirv-tools-2026.1-hb700be7_0.conda
      - conda: https://prefix.dev/conda-forge/linux-64/xorg-libx11-1.8.13-he1eb515_0.conda
      - conda: https://prefix.dev/conda-forge/linux-64/xorg-libxau-1.0.12-hb03c661_1.conda
      - conda: https://prefix.dev/conda-forge/linux-64/xorg-libxdmcp-1.1.5-hb03c661_1.conda
      - conda: https://prefix.dev/conda-forge/linux-64/xorg-libxext-1.3.7-hb03c661_0.conda
      - conda: https://prefix.dev/conda-forge/linux-64/xorg-libxrandr-1.5.5-hb03c661_0.conda
      - conda: https://prefix.dev/conda-forge/linux-64/xorg-libxrender-0.9.12-hb9d3cd8_0.conda
      - conda: https://prefix.dev/conda-forge/linux-64/zstd-1.5.7-hb78ec9c_6.conda
  vulkan:
    channels:
    - url: https://prefix.dev/rock-the-conda-strix/
    - url: https://prefix.dev/conda-forge/
    options:
      pypi-prerelease-mode: if-necessary-or-explicit
    packages:
      linux-64:
      - conda: https://prefix.dev/conda-forge/linux-64/_openmp_mutex-4.5-7_kmp_llvm.conda
      - conda: https://prefix.dev/conda-forge/linux-64/c-ares-1.34.6-hb03c661_0.conda
      - conda: https://prefix.dev/conda-forge/noarch/ca-certificates-2026.2.25-hbd8a1cb_0.conda
      - conda: https://prefix.dev/conda-forge/linux-64/curl-8.19.0-hcf29cc6_0.conda
      - conda: https://prefix.dev/conda-forge/linux-64/glslang-16.2.0-h96af755_1.conda
      - conda: https://prefix.dev/conda-forge/linux-64/keyutils-1.6.3-hb9d3cd8_0.conda
      - conda: https://prefix.dev/conda-forge/linux-64/krb5-1.22.2-ha1258a1_0.conda
      - conda: https://prefix.dev/conda-forge/linux-64/libcurl-8.19.0-hcf29cc6_0.conda
      - conda: https://prefix.dev/conda-forge/linux-64/libedit-3.1.20250104-pl5321h7949ede_0.conda
      - conda: https://prefix.dev/conda-forge/linux-64/libev-4.33-hd590300_2.conda
      - conda: https://prefix.dev/conda-forge/linux-64/libgcc-15.2.0-he0feb66_18.conda
      - conda: https://prefix.dev/conda-forge/linux-64/libgcc-ng-15.2.0-h69a702a_18.conda
      - conda: https://prefix.dev/conda-forge/linux-64/libhwloc-2.12.2-default_hafda6a7_1000.conda
      - conda: https://prefix.dev/conda-forge/linux-64/libiconv-1.18-h3b78370_2.conda
      - conda: https://prefix.dev/conda-forge/linux-64/liblzma-5.8.2-hb03c661_0.conda
      - conda: https://prefix.dev/conda-forge/linux-64/libnghttp2-1.68.1-h877daf1_0.conda
      - conda: https://prefix.dev/conda-forge/linux-64/libssh2-1.11.1-hcf80075_0.conda
      - conda: https://prefix.dev/conda-forge/linux-64/libstdcxx-15.2.0-h934c35e_18.conda
      - conda: https://prefix.dev/conda-forge/linux-64/libvulkan-loader-1.4.341.0-h5279c79_0.conda
      - conda: https://prefix.dev/conda-forge/linux-64/libxcb-1.17.0-h8a09558_0.conda
      - conda: https://prefix.dev/conda-forge/linux-64/libxml2-16-2.15.2-hf2a90c1_0.conda
      - conda: https://prefix.dev/conda-forge/linux-64/libxml2-2.15.2-h031cc0b_0.conda
      - conda: https://prefix.dev/conda-forge/linux-64/libzlib-1.3.2-h25fd6f3_2.conda
      - conda: https://prefix.dev/conda-forge/linux-64/llama.cpp-8224-cpu_mkl_h0393721_0.conda
      - conda: https://prefix.dev/conda-forge/linux-64/llvm-openmp-22.1.2-h4922eb0_0.conda
      - conda: https://prefix.dev/conda-forge/linux-64/mkl-2025.3.1-h0e700b2_10.conda
      - conda: https://prefix.dev/conda-forge/linux-64/ncurses-6.5-h2d0b736_3.conda
      - conda: https://prefix.dev/conda-forge/linux-64/openssl-3.6.1-h35e630c_1.conda
      - conda: https://prefix.dev/conda-forge/linux-64/pthread-stubs-0.4-hb9d3cd8_1002.conda
      - conda: https://prefix.dev/conda-forge/linux-64/shaderc-2025.5-h718be3e_1.conda
      - conda: https://prefix.dev/conda-forge/linux-64/spirv-tools-2026.1-hb700be7_0.conda
      - conda: https://prefix.dev/conda-forge/linux-64/tbb-2022.3.0-hb700be7_2.conda
      - conda: https://prefix.dev/conda-forge/linux-64/xorg-libx11-1.8.13-he1eb515_0.conda
      - conda: https://prefix.dev/conda-forge/linux-64/xorg-libxau-1.0.12-hb03c661_1.conda
      - conda: https://prefix.dev/conda-forge/linux-64/xorg-libxdmcp-1.1.5-hb03c661_1.conda
      - conda: https://prefix.dev/conda-forge/linux-64/xorg-libxext-1.3.7-hb03c661_0.conda
      - conda: https://prefix.dev/conda-forge/linux-64/xorg-libxrandr-1.5.5-hb03c661_0.conda
      - conda: https://prefix.dev/conda-forge/linux-64/xorg-libxrender-0.9.12-hb9d3cd8_0.conda
      - conda: https://prefix.dev/conda-forge/linux-64/zstd-1.5.7-hb78ec9c_6.conda
packages:
- conda: https://prefix.dev/conda-forge/linux-64/_openmp_mutex-4.5-7_kmp_llvm.conda
  build_number: 7
  sha256: c0cddb66070dd6355311f7667ce2acccf70d1013edaa6e97f22859502fefdb22
  md5: 887b70e1d607fba7957aa02f9ee0d939
  depends:
  - llvm-openmp >=9.0.1
  license: BSD-3-Clause
  license_family: BSD
  size: 8244
  timestamp: 1764092331208
- conda: https://prefix.dev/conda-forge/linux-64/bzip2-1.0.8-hda65f42_9.conda
  sha256: 0b75d45f0bba3e95dc693336fa51f40ea28c980131fec438afb7ce6118ed05f6
  md5: d2ffd7602c02f2b316fd921d39876885
  depends:
  - __glibc >=2.17,<3.0.a0
  - libgcc >=14
  license: bzip2-1.0.6
  license_family: BSD
  size: 260182
  timestamp: 1771350215188
- conda: https://prefix.dev/conda-forge/linux-64/c-ares-1.34.6-hb03c661_0.conda
  sha256: cc9accf72fa028d31c2a038460787751127317dcfa991f8d1f1babf216bb454e
  md5: 920bb03579f15389b9e512095ad995b7
  depends:
  - __glibc >=2.17,<3.0.a0
  - libgcc >=14
  license: MIT
  license_family: MIT
  size: 207882
  timestamp: 1765214722852
- conda: https://prefix.dev/conda-forge/noarch/ca-certificates-2026.2.25-hbd8a1cb_0.conda
  sha256: 67cc7101b36421c5913a1687ef1b99f85b5d6868da3abbf6ec1a4181e79782fc
  md5: 4492fd26db29495f0ba23f146cd5638d
  depends:
  - __unix
  license: ISC
  size: 147413
  timestamp: 1772006283803
- conda: https://prefix.dev/conda-forge/linux-64/curl-8.19.0-hcf29cc6_0.conda
  sha256: 783b7525ef535b67236c2773f5553b111ee5258ad9357df2ae1755cc62a0a014
  md5: a6993977a14feee4268e7be3ad0977ab
  depends:
  - __glibc >=2.17,<3.0.a0
  - krb5 >=1.22.2,<1.23.0a0
  - libcurl 8.19.0 hcf29cc6_0
  - libgcc >=14
  - libssh2 >=1.11.1,<2.0a0
  - libzlib >=1.3.1,<2.0a0
  - openssl >=3.5.5,<4.0a0
  - zstd >=1.5.7,<1.6.0a0
  license: curl
  license_family: MIT
  size: 191335
  timestamp: 1773218536473
- conda: https://prefix.dev/conda-forge/linux-64/elfutils-0.192-hebdcf93_2.conda
  sha256: 2fe2d32f4b6a61465d59386eed2727cfe7a3975decf8b46e8ab29cc050b110fa
  md5: a287e8b90b4b1e1bf9ee7b193f16cec0
  depends:
  - __glibc >=2.17,<3.0.a0
  - bzip2 >=1.0.8,<2.0a0
  - libarchive >=3.8.1,<3.9.0a0
  - libcurl >=8.14.1,<9.0a0
  - libgcc >=13
  - liblzma >=5.8.1,<6.0a0
  - libmicrohttpd >=1.0.1,<1.1.0a0
  - libsqlite >=3.50.2,<4.0a0
  - libstdcxx >=13
  - libzlib >=1.3.1,<2.0a0
  - zstd >=1.5.7,<1.6.0a0
  license: LGPL-3.0-only
  license_family: LGPL
  size: 1122012
  timestamp: 1751541521360
- conda: https://prefix.dev/conda-forge/linux-64/fmt-11.2.0-h07f6e7f_0.conda
  sha256: e0f53b7801d0bcb5d61a1ddcb873479bfe8365e56fd3722a232fbcc372a9ac52
  md5: 0c2f855a88fab6afa92a7aa41217dc8e
  depends:
  - __glibc >=2.17,<3.0.a0
  - libgcc >=13
  - libstdcxx >=13
  license: MIT
  license_family: MIT
  size: 192721
  timestamp: 1751277120358
- conda: https://prefix.dev/conda-forge/linux-64/glslang-16.2.0-h96af755_1.conda
  sha256: 88a5ad3571948bde22957d08ab01328b8a7eb04fdee66268b3125cc322dbde8b
  md5: ba5b655d827f263090ad2dc514810328
  depends:
  - __glibc >=2.17,<3.0.a0
  - libgcc >=14
  - libstdcxx >=14
  - spirv-tools >=2026,<2027.0a0
  license: BSD-3-Clause
  license_family: BSD
  size: 1353008
  timestamp: 1770195199411
- conda: https://prefix.dev/conda-forge/linux-64/gmp-6.3.0-hac33072_2.conda
  sha256: 309cf4f04fec0c31b6771a5809a1909b4b3154a2208f52351e1ada006f4c750c
  md5: c94a5994ef49749880a8139cf9afcbe1
  depends:
  - libgcc-ng >=12
  - libstdcxx-ng >=12
  license: GPL-2.0-or-later OR LGPL-3.0-or-later
  size: 460055
  timestamp: 1718980856608
- conda: https://prefix.dev/conda-forge/linux-64/gnutls-3.8.11-h18acefa_1.conda
  sha256: c1e0ec25221c132fcee81098a23f956f3c26302739086d99e9119ab5546b05fe
  md5: 334367662a82dfe67945438e373a1d3b
  depends:
  - __glibc >=2.17,<3.0.a0
  - gmp >=6.3.0,<7.0a0
  - libgcc >=14
  - libidn2 >=2,<3.0a0
  - libstdcxx >=14
  - libtasn1 >=4.21.0,<5.0a0
  - nettle >=3.10.1,<3.11.0a0
  - p11-kit >=0.26.0,<0.27.0a0
  license: LGPL-2.1-or-later
  license_family: LGPL
  size: 2030992
  timestamp: 1768686277371
- conda: https://prefix.dev/rock-the-conda-strix/linux-64/hip-runtime-amd-7.0.2-hf88c81a_1.conda
  sha256: 8f26a2f8a925b2a1960d3d0481188e403c0ae91d2e4ab6d47eb55d4834ae128b
  md5: c826335feeae319d08dae723807f99fc
  depends:
  - __glibc >=2.17,<3.0.a0
  - libgcc >=15
  - libnuma >=2.0.18,<3.0a0
  - libstdcxx >=15
  - rocm-comgr 7.0.*
  - rocm-core >=7.0.2,<7.1.0a0
  - rocr-runtime 7.0.*
  license: NCSA
  license_family: MIT
  size: 10435514
  timestamp: 1774694794787
- conda: https://prefix.dev/rock-the-conda-strix/linux-64/hipblas-7.0.2-h3fa750f_0.conda
  sha256: de4dc88c01acdb234723caceb91d61284bb39dffacd8fe66037d8911344f1607
  md5: 13adb3a5c9ca03ec9f095c126eb99934
  depends:
  - libgfortran5 >=15.2.0
  - libgfortran
  - libgcc >=15
  - __glibc >=2.17,<3.0.a0
  - libstdcxx >=15
  - libgcc >=15
  - hipblaslt >=7.0.2,<7.1.0a0
  - rocm-smi >=7.0.2,<7.1.0a0
  - rocm-core >=7.0.2,<7.1.0a0
  - rocblas >=7.0.2,<7.1.0a0
  - rocsolver >=7.0.2,<7.1.0a0
  - roctracer >=7.0.2,<7.1.0a0
  license: MIT
  license_family: MIT
  size: 247546
  timestamp: 1774714271877
- conda: https://prefix.dev/rock-the-conda-strix/linux-64/hipblaslt-7.0.2-h978cf63_0.conda
  sha256: 0be28751b9e9d9de3e2852f8e4a411e15156530d50d59baac0f1dcecd0df9484
  md5: 63fd648a6d1385995e466d12d18682fe
  depends:
  - libstdcxx >=15
  - libgcc >=15
  - __glibc >=2.17,<3.0.a0
  - msgpack-cxx >=7.0.0,<8.0a0
  - spdlog >=1.15.3,<1.16.0a0
  - roctracer >=7.0.2,<7.1.0a0
  - python_abi 3.10.* *_cp310
  - rocm-core >=7.0.2,<7.1.0a0
  - libboost >=1.86.0,<1.87.0a0
  - libzlib >=1.3.2,<2.0a0
  - rocm-smi >=7.0.2,<7.1.0a0
  license: MIT
  license_family: MIT
  size: 17643535
  timestamp: 1774699048132
- conda: https://prefix.dev/conda-forge/linux-64/icu-78.3-h33c6efd_0.conda
  sha256: fbf86c4a59c2ed05bbffb2ba25c7ed94f6185ec30ecb691615d42342baa1a16a
  md5: c80d8a3b84358cb967fa81e7075fbc8a
  depends:
  - __glibc >=2.17,<3.0.a0
  - libgcc >=14
  - libstdcxx >=14
  license: MIT
  license_family: MIT
  size: 12723451
  timestamp: 1773822285671
- conda: https://prefix.dev/conda-forge/linux-64/keyutils-1.6.3-hb9d3cd8_0.conda
  sha256: 0960d06048a7185d3542d850986d807c6e37ca2e644342dd0c72feefcf26c2a4
  md5: b38117a3c920364aff79f870c984b4a3
  depends:
  - __glibc >=2.17,<3.0.a0
  - libgcc >=13
  license: LGPL-2.1-or-later
  size: 134088
  timestamp: 1754905959823
- conda: https://prefix.dev/conda-forge/linux-64/krb5-1.22.2-ha1258a1_0.conda
  sha256: 3e307628ca3527448dd1cb14ad7bb9d04d1d28c7d4c5f97ba196ae984571dd25
  md5: fb53fb07ce46a575c5d004bbc96032c2
  depends:
  - __glibc >=2.17,<3.0.a0
  - keyutils >=1.6.3,<2.0a0
  - libedit >=3.1.20250104,<3.2.0a0
  - libedit >=3.1.20250104,<4.0a0
  - libgcc >=14
  - libstdcxx >=14
  - openssl >=3.5.5,<4.0a0
  license: MIT
  license_family: MIT
  size: 1386730
  timestamp: 1769769569681
- conda: https://prefix.dev/conda-forge/linux-64/libarchive-3.8.6-gpl_hc2c16d8_100.conda
  sha256: 69ea8da58658ad26cb64fb0bfccd8a3250339811f0b57c6b8a742e5e51bacf70
  md5: 981d372c31a23e1aa9965d4e74d085d5
  depends:
  - __glibc >=2.17,<3.0.a0
  - bzip2 >=1.0.8,<2.0a0
  - libgcc >=14
  - liblzma >=5.8.2,<6.0a0
  - libxml2
  - libxml2-16 >=2.14.6
  - libzlib >=1.3.1,<2.0a0
  - lz4-c >=1.10.0,<1.11.0a0
  - lzo >=2.10,<3.0a0
  - openssl >=3.5.5,<4.0a0
  - zstd >=1.5.7,<1.6.0a0
  license: BSD-2-Clause
  license_family: BSD
  size: 887139
  timestamp: 1773243188979
- conda: https://prefix.dev/conda-forge/linux-64/libboost-1.86.0-hd24cca6_5.conda
  sha256: a17ae9fd2af96eac7c29072b3e345ec3c2af42f18e33102633ab4440c1168ef7
  md5: 0d46f3db184ec649d41c3dfbfe986742
  depends:
  - __glibc >=2.17,<3.0.a0
  - bzip2 >=1.0.8,<2.0a0
  - icu >=78.1,<79.0a0
  - libgcc >=14
  - liblzma >=5.8.1,<6.0a0
  - libstdcxx >=14
  - libzlib >=1.3.1,<2.0a0
  - zstd >=1.5.7,<1.6.0a0
  constrains:
  - boost-cpp <0.0a0
  license: BSL-1.0
  size: 3151820
  timestamp: 1766348212857
- conda: https://prefix.dev/conda-forge/linux-64/libcurl-8.19.0-hcf29cc6_0.conda
  sha256: a0390fd0536ebcd2244e243f5f00ab8e76ab62ed9aa214cd54470fe7496620f4
  md5: d50608c443a30c341c24277d28290f76
  depends:
  - __glibc >=2.17,<3.0.a0
  - krb5 >=1.22.2,<1.23.0a0
  - libgcc >=14
  - libnghttp2 >=1.67.0,<2.0a0
  - libssh2 >=1.11.1,<2.0a0
  - libzlib >=1.3.1,<2.0a0
  - openssl >=3.5.5,<4.0a0
  - zstd >=1.5.7,<1.6.0a0
  license: curl
  license_family: MIT
  size: 466704
  timestamp: 1773218522665
- conda: https://prefix.dev/conda-forge/linux-64/libdrm-2.4.125-hb03c661_1.conda
  sha256: c076a213bd3676cc1ef22eeff91588826273513ccc6040d9bea68bccdc849501
  md5: 9314bc5a1fe7d1044dc9dfd3ef400535
  depends:
  - __glibc >=2.17,<3.0.a0
  - libgcc >=14
  - libpciaccess >=0.18,<0.19.0a0
  license: MIT
  license_family: MIT
  size: 310785
  timestamp: 1757212153962
- conda: https://prefix.dev/conda-forge/linux-64/libedit-3.1.20250104-pl5321h7949ede_0.conda
  sha256: d789471216e7aba3c184cd054ed61ce3f6dac6f87a50ec69291b9297f8c18724
  md5: c277e0a4d549b03ac1e9d6cbbe3d017b
  depends:
  - ncurses
  - __glibc >=2.17,<3.0.a0
  - libgcc >=13
  - ncurses >=6.5,<7.0a0
  license: BSD-2-Clause
  license_family: BSD
  size: 134676
  timestamp: 1738479519902
- conda: https://prefix.dev/conda-forge/linux-64/libev-4.33-hd590300_2.conda
  sha256: 1cd6048169fa0395af74ed5d8f1716e22c19a81a8a36f934c110ca3ad4dd27b4
  md5: 172bf1cd1ff8629f2b1179945ed45055
  depends:
  - libgcc-ng >=12
  license: BSD-2-Clause
  license_family: BSD
  size: 112766
  timestamp: 1702146165126
- conda: https://prefix.dev/conda-forge/linux-64/libffi-3.5.2-h3435931_0.conda
  sha256: 31f19b6a88ce40ebc0d5a992c131f57d919f73c0b92cd1617a5bec83f6e961e6
  md5: a360c33a5abe61c07959e449fa1453eb
  depends:
  - __glibc >=2.17,<3.0.a0
  - libgcc >=14
  license: MIT
  license_family: MIT
  size: 58592
  timestamp: 1769456073053
- conda: https://prefix.dev/conda-forge/linux-64/libgcc-15.2.0-he0feb66_18.conda
  sha256: faf7d2017b4d718951e3a59d081eb09759152f93038479b768e3d612688f83f5
  md5: 0aa00f03f9e39fb9876085dee11a85d4
  depends:
  - __glibc >=2.17,<3.0.a0
  - _openmp_mutex >=4.5
  constrains:
  - libgcc-ng ==15.2.0=*_18
  - libgomp 15.2.0 he0feb66_18
  license: GPL-3.0-only WITH GCC-exception-3.1
  license_family: GPL
  size: 1041788
  timestamp: 1771378212382
- conda: https://prefix.dev/conda-forge/linux-64/libgcc-ng-15.2.0-h69a702a_18.conda
  sha256: e318a711400f536c81123e753d4c797a821021fb38970cebfb3f454126016893
  md5: d5e96b1ed75ca01906b3d2469b4ce493
  depends:
  - libgcc 15.2.0 he0feb66_18
  license: GPL-3.0-only WITH GCC-exception-3.1
  license_family: GPL
  size: 27526
  timestamp: 1771378224552
- conda: https://prefix.dev/conda-forge/linux-64/libgfortran-15.2.0-h69a702a_18.conda
  sha256: d2c9fad338fd85e4487424865da8e74006ab2e2475bd788f624d7a39b2a72aee
  md5: 9063115da5bc35fdc3e1002e69b9ef6e
  depends:
  - libgfortran5 15.2.0 h68bc16d_18
  constrains:
  - libgfortran-ng ==15.2.0=*_18
  license: GPL-3.0-only WITH GCC-exception-3.1
  license_family: GPL
  size: 27523
  timestamp: 1771378269450
- conda: https://prefix.dev/conda-forge/linux-64/libgfortran5-15.2.0-h68bc16d_18.conda
  sha256: 539b57cf50ec85509a94ba9949b7e30717839e4d694bc94f30d41c9d34de2d12
  md5: 646855f357199a12f02a87382d429b75
  depends:
  - __glibc >=2.17,<3.0.a0
  - libgcc >=15.2.0
  constrains:
  - libgfortran 15.2.0
  license: GPL-3.0-only WITH GCC-exception-3.1
  license_family: GPL
  size: 2482475
  timestamp: 1771378241063
- conda: https://prefix.dev/conda-forge/linux-64/libhwloc-2.12.2-default_hafda6a7_1000.conda
  sha256: 2cf160794dda62cf93539adf16d26cfd31092829f2a2757dbdd562984c1b110a
  md5: 0ed3aa3e3e6bc85050d38881673a692f
  depends:
  - __glibc >=2.17,<3.0.a0
  - libgcc >=14
  - libstdcxx >=14
  - libxml2
  - libxml2-16 >=2.14.6
  license: BSD-3-Clause
  license_family: BSD
  size: 2449916
  timestamp: 1765103845133
- conda: https://prefix.dev/conda-forge/linux-64/libiconv-1.18-h3b78370_2.conda
  sha256: c467851a7312765447155e071752d7bf9bf44d610a5687e32706f480aad2833f
  md5: 915f5995e94f60e9a4826e0b0920ee88
  depends:
  - __glibc >=2.17,<3.0.a0
  - libgcc >=14
  license: LGPL-2.1-only
  size: 790176
  timestamp: 1754908768807
- conda: https://prefix.dev/conda-forge/linux-64/libidn2-2.3.8-hfac485b_1.conda
  sha256: cc38c900b9a20fe75e61cbb594e749c57a06d96510722f5ddfa309682062b065
  md5: 842a81de672ddcf476337c8bde3cad33
  depends:
  - __glibc >=2.17,<3.0.a0
  - libgcc >=14
  - libunistring >=0,<1.0a0
  license: LGPL-2.0-only
  license_family: LGPL
  size: 139036
  timestamp: 1760385590993
- conda: https://prefix.dev/conda-forge/linux-64/libllvm20-20.1.8-hf7376ad_1.conda
  sha256: bd2981488f63afbc234f6c7759f8363c63faf38dd0f4e64f48ef5a06541c12b4
  md5: eafa8fd1dfc9a107fe62f7f12cabbc9c
  depends:
  - __glibc >=2.17,<3.0.a0
  - libgcc >=14
  - libstdcxx >=14
  - libxml2
  - libxml2-16 >=2.14.5
  - libzlib >=1.3.1,<2.0a0
  - zstd >=1.5.7,<1.6.0a0
  license: Apache-2.0 WITH LLVM-exception
  license_family: Apache
  size: 43977914
  timestamp: 1757353652788
- conda: https://prefix.dev/conda-forge/linux-64/liblzma-5.8.2-hb03c661_0.conda
  sha256: 755c55ebab181d678c12e49cced893598f2bab22d582fbbf4d8b83c18be207eb
  md5: c7c83eecbb72d88b940c249af56c8b17
  depends:
  - __glibc >=2.17,<3.0.a0
  - libgcc >=14
  constrains:
  - xz 5.8.2.*
  license: 0BSD
  size: 113207
  timestamp: 1768752626120
- conda: https://prefix.dev/conda-forge/linux-64/libmicrohttpd-1.0.2-hc2fc477_0.conda
  sha256: 6b21e0f3d1577bbe10f27003212f0b8c9a881d99faa01a83476311730aed5c9d
  md5: a02cb80c806b7b768e1d60170f63375d
  depends:
  - __glibc >=2.17,<3.0.a0
  - libgcc >=14
  - gnutls >=3.8.9,<3.9.0a0
  license: LGPL-2.0-or-later
  license_family: LGPL
  size: 286166
  timestamp: 1752566614604
- conda: https://prefix.dev/conda-forge/linux-64/libnghttp2-1.68.1-h877daf1_0.conda
  sha256: 663444d77a42f2265f54fb8b48c5450bfff4388d9c0f8253dd7855f0d993153f
  md5: 2a45e7f8af083626f009645a6481f12d
  depends:
  - __glibc >=2.17,<3.0.a0
  - c-ares >=1.34.6,<2.0a0
  - libev >=4.33,<4.34.0a0
  - libev >=4.33,<5.0a0
  - libgcc >=14
  - libstdcxx >=14
  - libzlib >=1.3.1,<2.0a0
  - openssl >=3.5.5,<4.0a0
  license: MIT
  license_family: MIT
  size: 663344
  timestamp: 1773854035739
- conda: https://prefix.dev/conda-forge/linux-64/libnuma-2.0.18-hb03c661_3.conda
  sha256: 17d72848a6480f0b0708f2b2f64292b5fa0e0996ce56f26fc26e4aebb5a9ca81
  md5: 672fad24c7fedff73c684c3e9e9848b3
  depends:
  - __glibc >=2.17,<3.0.a0
  - libgcc >=14
  license: LGPL-2.1-only
  size: 44408
  timestamp: 1772779840609
- conda: https://prefix.dev/conda-forge/linux-64/libpciaccess-0.18-hb9d3cd8_0.conda
  sha256: 0bd91de9b447a2991e666f284ae8c722ffb1d84acb594dbd0c031bd656fa32b2
  md5: 70e3400cbbfa03e96dcde7fc13e38c7b
  depends:
  - __glibc >=2.17,<3.0.a0
  - libgcc >=13
  license: MIT
  license_family: MIT
  size: 28424
  timestamp: 1749901812541
- conda: https://prefix.dev/conda-forge/linux-64/libsqlite-3.52.0-hf4e2dac_0.conda
  sha256: d716847b7deca293d2e49ed1c8ab9e4b9e04b9d780aea49a97c26925b28a7993
  md5: fd893f6a3002a635b5e50ceb9dd2c0f4
  depends:
  - __glibc >=2.17,<3.0.a0
  - icu >=78.2,<79.0a0
  - libgcc >=14
  - libzlib >=1.3.1,<2.0a0
  license: blessing
  size: 951405
  timestamp: 1772818874251
- conda: https://prefix.dev/conda-forge/linux-64/libssh2-1.11.1-hcf80075_0.conda
  sha256: fa39bfd69228a13e553bd24601332b7cfeb30ca11a3ca50bb028108fe90a7661
  md5: eecce068c7e4eddeb169591baac20ac4
  depends:
  - __glibc >=2.17,<3.0.a0
  - libgcc >=13
  - libzlib >=1.3.1,<2.0a0
  - openssl >=3.5.0,<4.0a0
  license: BSD-3-Clause
  license_family: BSD
  size: 304790
  timestamp: 1745608545575
- conda: https://prefix.dev/conda-forge/linux-64/libstdcxx-15.2.0-h934c35e_18.conda
  sha256: 78668020064fdaa27e9ab65cd2997e2c837b564ab26ce3bf0e58a2ce1a525c6e
  md5: 1b08cd684f34175e4514474793d44bcb
  depends:
  - __glibc >=2.17,<3.0.a0
  - libgcc 15.2.0 he0feb66_18
  constrains:
  - libstdcxx-ng ==15.2.0=*_18
  license: GPL-3.0-only WITH GCC-exception-3.1
  license_family: GPL
  size: 5852330
  timestamp: 1771378262446
- conda: https://prefix.dev/conda-forge/linux-64/libstdcxx-ng-15.2.0-hdf11a46_18.conda
  sha256: 3c902ffd673cb3c6ddde624cdb80f870b6c835f8bf28384b0016e7d444dd0145
  md5: 6235adb93d064ecdf3d44faee6f468de
  depends:
  - libstdcxx 15.2.0 h934c35e_18
  license: GPL-3.0-only WITH GCC-exception-3.1
  license_family: GPL
  size: 27575
  timestamp: 1771378314494
- conda: https://prefix.dev/conda-forge/linux-64/libtasn1-4.21.0-hb03c661_0.conda
  sha256: a3f0c33ef567eb2e3a22d7fea0717a294a5fea4964478aa06b467ce1c93bec38
  md5: 0ffe6217a3d09398155d32a2ddb41251
  depends:
  - __glibc >=2.17,<3.0.a0
  - libgcc >=14
  license: LGPL-2.1-or-later
  size: 116738
  timestamp: 1768297813301
- conda: https://prefix.dev/conda-forge/linux-64/libunistring-0.9.10-h7f98852_0.tar.bz2
  sha256: e88c45505921db29c08df3439ddb7f771bbff35f95e7d3103bf365d5d6ce2a6d
  md5: 7245a044b4a1980ed83196176b78b73a
  depends:
  - libgcc-ng >=9.3.0
  license: GPL-3.0-only OR LGPL-3.0-only
  size: 1433436
  timestamp: 1626955018689
- conda: https://prefix.dev/conda-forge/linux-64/libvulkan-loader-1.4.341.0-h5279c79_0.conda
  sha256: a68280d57dfd29e3d53400409a39d67c4b9515097eba733aa6fe00c880620e2b
  md5: 31ad065eda3c2d88f8215b1289df9c89
  depends:
  - __glibc >=2.17,<3.0.a0
  - libstdcxx >=14
  - libgcc >=14
  - xorg-libx11 >=1.8.12,<2.0a0
  - xorg-libxrandr >=1.5.5,<2.0a0
  constrains:
  - libvulkan-headers 1.4.341.0.*
  license: Apache-2.0
  license_family: APACHE
  size: 199795
  timestamp: 1770077125520
- conda: https://prefix.dev/conda-forge/linux-64/libxcb-1.17.0-h8a09558_0.conda
  sha256: 666c0c431b23c6cec6e492840b176dde533d48b7e6fb8883f5071223433776aa
  md5: 92ed62436b625154323d40d5f2f11dd7
  depends:
  - __glibc >=2.17,<3.0.a0
  - libgcc >=13
  - pthread-stubs
  - xorg-libxau >=1.0.11,<2.0a0
  - xorg-libxdmcp
  license: MIT
  license_family: MIT
  size: 395888
  timestamp: 1727278577118
- conda: https://prefix.dev/conda-forge/linux-64/libxml2-2.15.2-h031cc0b_0.conda
  sha256: a9612f88139197b2777a00325c72d872507e70d4f4111021f65e55797f97de67
  md5: 672c49f67192f0a7c2fa55986219d197
  depends:
  - __glibc >=2.17,<3.0.a0
  - libgcc >=14
  - libiconv >=1.18,<2.0a0
  - liblzma >=5.8.2,<6.0a0
  - libxml2-16 2.15.2 hf2a90c1_0
  - libzlib >=1.3.1,<2.0a0
  constrains:
  - icu <0.0a0
  license: MIT
  license_family: MIT
  size: 46783
  timestamp: 1772704627225
- conda: https://prefix.dev/conda-forge/linux-64/libxml2-2.15.2-he237659_0.conda
  sha256: 275c324f87bda1a3b67d2f4fcc3555eeff9e228a37655aa001284a7ceb6b0392
  md5: e49238a1609f9a4a844b09d9926f2c3d
  depends:
  - __glibc >=2.17,<3.0.a0
  - icu >=78.2,<79.0a0
  - libgcc >=14
  - libiconv >=1.18,<2.0a0
  - liblzma >=5.8.2,<6.0a0
  - libxml2-16 2.15.2 hca6bf5a_0
  - libzlib >=1.3.1,<2.0a0
  license: MIT
  license_family: MIT
  size: 45968
  timestamp: 1772704614539
- conda: https://prefix.dev/conda-forge/linux-64/libxml2-16-2.15.2-hca6bf5a_0.conda
  sha256: 08d2b34b49bec9613784f868209bb7c3bb8840d6cf835ff692e036b09745188c
  md5: f3bc152cb4f86babe30f3a4bf0dbef69
  depends:
  - __glibc >=2.17,<3.0.a0
  - icu >=78.2,<79.0a0
  - libgcc >=14
  - libiconv >=1.18,<2.0a0
  - liblzma >=5.8.2,<6.0a0
  - libzlib >=1.3.1,<2.0a0
  constrains:
  - libxml2 2.15.2
  license: MIT
  license_family: MIT
  size: 557492
  timestamp: 1772704601644
- conda: https://prefix.dev/conda-forge/linux-64/libxml2-16-2.15.2-hf2a90c1_0.conda
  sha256: 9448a9080c8c2d32964f4005a75bf9f5879e4e3163de23f8efe361f1d6234e2b
  md5: e44f52764dd288c96c4676a967b7e112
  depends:
  - __glibc >=2.17,<3.0.a0
  - libgcc >=14
  - libiconv >=1.18,<2.0a0
  - liblzma >=5.8.2,<6.0a0
  - libzlib >=1.3.1,<2.0a0
  constrains:
  - libxml2 2.15.2
  - icu <0.0a0
  license: MIT
  license_family: MIT
  size: 556790
  timestamp: 1772704614138
- conda: https://prefix.dev/conda-forge/linux-64/libzlib-1.3.2-h25fd6f3_2.conda
  sha256: 55044c403570f0dc26e6364de4dc5368e5f3fc7ff103e867c487e2b5ab2bcda9
  md5: d87ff7921124eccd67248aa483c23fec
  depends:
  - __glibc >=2.17,<3.0.a0
  constrains:
  - zlib 1.3.2 *_2
  license: Zlib
  license_family: Other
  size: 63629
  timestamp: 1774072609062
- conda: https://prefix.dev/conda-forge/linux-64/llama.cpp-8224-cpu_mkl_h0393721_0.conda
  sha256: 6008edd51ac138e3323ec192ba39ade7d627da301fb596d7c590f254fdf431e2
  md5: b51893c3edf9d960f0b4bf04bac2c893
  depends:
  - libgcc >=14
  - __glibc >=2.17,<3.0.a0
  - libstdcxx >=14
  - libcurl >=8.19.0,<9.0a0
  - shaderc >=2025.5,<2025.6.0a0
  - mkl >=2025.3.0,<2026.0a0
  - libvulkan-loader >=1.4.341.0,<2.0a0
  constrains:
  - whisper.cpp <0.0.0a0
  license: MIT
  license_family: MIT
  size: 28911525
  timestamp: 1773651963249
- conda: https://prefix.dev/rock-the-conda-strix/linux-64/llama.cpp-8224-rocm70_h0116fc4_0.conda
  sha256: 51bb40e67330dd15f11410d917242fb882ed7a026abd7a1d31ab66e15bac7ef4
  md5: b452831ed93c26d0e13eb6ee69a4a146
  depends:
  - libgcc >=15
  - libstdcxx >=15
  - libgcc >=15
  - __glibc >=2.17,<3.0.a0
  - llvm-openmp >=22.1.2
  - _openmp_mutex >=4.5
  - _openmp_mutex * *_llvm
  - rocm-core >=7.0.2,<7.1.0a0
  - hipblas >=7.0.2,<7.1.0a0
  - rocblas >=7.0.2,<7.1.0a0
  - libcurl >=8.19.0,<9.0a0
  - shaderc >=2025.5,<2025.6.0a0
  - libvulkan-loader >=1.4.341.0,<2.0a0
  constrains:
  - whisper.cpp <0.0.0a0
  license: MIT
  size: 36127751
  timestamp: 1774952018325
- conda: https://prefix.dev/conda-forge/linux-64/llvm-openmp-22.1.2-h4922eb0_0.conda
  sha256: 67fa0977eeb7f983b626aaa815b1e9eba3314f5ea5bf99ca0e91f26221dd9bbb
  md5: 2a60ab96432bc74eedbcda8a528080a1
  depends:
  - __glibc >=2.17,<3.0.a0
  constrains:
  - openmp 22.1.2|22.1.2.*
  - intel-openmp <0.0a0
  license: Apache-2.0 WITH LLVM-exception
  license_family: APACHE
  size: 6132003
  timestamp: 1774564946563
- conda: https://prefix.dev/conda-forge/linux-64/lz4-c-1.10.0-h5888daf_1.conda
  sha256: 47326f811392a5fd3055f0f773036c392d26fdb32e4d8e7a8197eed951489346
  md5: 9de5350a85c4a20c685259b889aa6393
  depends:
  - __glibc >=2.17,<3.0.a0
  - libgcc >=13
  - libstdcxx >=13
  license: BSD-2-Clause
  license_family: BSD
  size: 167055
  timestamp: 1733741040117
- conda: https://prefix.dev/conda-forge/linux-64/lzo-2.10-h280c20c_1002.conda
  sha256: 5c6bbeec116e29f08e3dad3d0524e9bc5527098e12fc432c0e5ca53ea16337d4
  md5: 45161d96307e3a447cc3eb5896cf6f8c
  depends:
  - libgcc >=14
  - __glibc >=2.17,<3.0.a0
  license: GPL-2.0-or-later
  license_family: GPL
  size: 191060
  timestamp: 1753889274283
- conda: https://prefix.dev/conda-forge/linux-64/mkl-2025.3.1-h0e700b2_10.conda
  sha256: da9cd578883d3f71b2023777fb6afbc26b183b261bcc8743d0d6084c4cae84b4
  md5: f010e1db3ddc8db985cfd4e04ed24b7b
  depends:
  - __glibc >=2.17,<3.0.a0
  - _openmp_mutex * *_llvm
  - _openmp_mutex >=4.5
  - libgcc >=14
  - libstdcxx >=14
  - llvm-openmp >=22.1.1
  - tbb >=2022.3.0
  license: LicenseRef-IntelSimplifiedSoftwareOct2022
  license_family: Proprietary
  size: 125431807
  timestamp: 1774449026019
- conda: https://prefix.dev/conda-forge/linux-64/msgpack-cxx-7.0.0-h9fb26e6_0.conda
  sha256: 8431620fa7be84485085537a6e00b788c08e383bb370a0f981306564ba9591e1
  md5: f54c289a1891eff554352e97306d8c25
  depends:
  - __glibc >=2.17,<3.0.a0
  - libboost >=1.86.0,<1.87.0a0
  - libgcc >=13
  - libstdcxx >=13
  - libzlib >=1.3.1,<2.0a0
  license: BSL-1.0
  size: 259534
  timestamp: 1730663497116
- conda: https://prefix.dev/conda-forge/linux-64/ncurses-6.5-h2d0b736_3.conda
  sha256: 3fde293232fa3fca98635e1167de6b7c7fda83caf24b9d6c91ec9eefb4f4d586
  md5: 47e340acb35de30501a76c7c799c41d7
  depends:
  - __glibc >=2.17,<3.0.a0
  - libgcc >=13
  license: X11 AND BSD-3-Clause
  size: 891641
  timestamp: 1738195959188
- conda: https://prefix.dev/conda-forge/linux-64/nettle-3.10.1-h4a9d5aa_0.conda
  sha256: 00b5a5e394d58cff5b08e0082699e773dd41995130bc14747740a16d9cacdd2c
  md5: 618bf3007df69a0ca9306ed8d6b48b48
  depends:
  - __glibc >=2.17,<3.0.a0
  - libgcc >=13
  - gmp >=6.3.0,<7.0a0
  license: GPL-2.0-or-later OR LGPL-3.0-or-later
  size: 1047686
  timestamp: 1748012178395
- conda: https://prefix.dev/conda-forge/linux-64/openssl-3.6.1-h35e630c_1.conda
  sha256: 44c877f8af015332a5d12f5ff0fb20ca32f896526a7d0cdb30c769df1144fb5c
  md5: f61eb8cd60ff9057122a3d338b99c00f
  depends:
  - __glibc >=2.17,<3.0.a0
  - ca-certificates
  - libgcc >=14
  license: Apache-2.0
  license_family: Apache
  size: 3164551
  timestamp: 1769555830639
- conda: https://prefix.dev/conda-forge/linux-64/p11-kit-0.26.2-h3435931_0.conda
  sha256: f63962d24d81d4fafa15112c03cd5db1fddadd520fdb2ad7ec71a1689e8e694f
  md5: 312989f1b7318c3763fffdc78df8474e
  depends:
  - __glibc >=2.17,<3.0.a0
  - libffi >=3.5.2,<3.6.0a0
  - libgcc >=14
  - libtasn1 >=4.21.0,<5.0a0
  license: MIT
  license_family: MIT
  size: 3831848
  timestamp: 1770417713801
- conda: https://prefix.dev/conda-forge/linux-64/pthread-stubs-0.4-hb9d3cd8_1002.conda
  sha256: 9c88f8c64590e9567c6c80823f0328e58d3b1efb0e1c539c0315ceca764e0973
  md5: b3c17d95b5a10c6e64a21fa17573e70e
  depends:
  - __glibc >=2.17,<3.0.a0
  - libgcc >=13
  license: MIT
  license_family: MIT
  size: 8252
  timestamp: 1726802366959
- conda: https://prefix.dev/conda-forge/noarch/python_abi-3.10-8_cp310.conda
  build_number: 8
  sha256: 7ad76fa396e4bde336872350124c0819032a9e8a0a40590744ff9527b54351c1
  md5: 05e00f3b21e88bb3d658ac700b2ce58c
  constrains:
  - python 3.10.* *_cpython
  license: BSD-3-Clause
  license_family: BSD
  size: 6999
  timestamp: 1752805924192
- conda: https://prefix.dev/rock-the-conda-strix/linux-64/rocblas-7.0.2-h75aaa01_0.conda
  sha256: f15f3936c413ba75f43d8e445c128a6ae170c9ea7375422822c6251e25ac7a4e
  md5: 423712b2f5caae0f55fbe682984abcd5
  depends:
  - libgcc >=15
  - __glibc >=2.17,<3.0.a0
  - libstdcxx >=15
  - libgcc >=15
  - msgpack-cxx >=7.0.0,<8.0a0
  - libboost >=1.86.0,<1.87.0a0
  - roctracer >=7.0.2,<7.1.0a0
  - rocm-core >=7.0.2,<7.1.0a0
  - rocm-smi >=7.0.2,<7.1.0a0
  - python_abi 3.10.* *_cp310
  - hipblaslt >=7.0.2,<7.1.0a0
  license: MIT
  license_family: MIT
  size: 15441905
  timestamp: 1774699048069
- conda: https://prefix.dev/rock-the-conda-strix/linux-64/rocm-comgr-7.0.2-h869bcad_0.conda
  sha256: 06e2d1ba7a4a4f2ce46956c2173037548ec568c8b201988f7b6e7f29e059175c
  md5: 18a8a6aa0a50c274f82793e184f74b26
  depends:
  - __glibc >=2.17,<3.0.a0
  - libgcc >=15
  - libllvm20 >=20.1.8,<20.2.0a0
  - libstdcxx >=15
  - libzlib >=1.3.2,<2.0a0
  - rocm-core >=7.0.2,<7.1.0a0
  - zstd >=1.5.7,<1.6.0a0
  license: NCSA
  size: 20122536
  timestamp: 1774694629315
- conda: https://prefix.dev/rock-the-conda-strix/linux-64/rocm-core-7.0.2-hc2501f5_0.conda
  sha256: 1496e6639d9b8d5832e9b2993865819c9e024b0b87940081878e5693902c8cd1
  md5: 77a8a1300bbf5abc6c721a9e6a02f533
  depends:
  - __glibc >=2.17,<3.0.a0
  - libgcc >=15
  - libstdcxx >=15
  - libgcc >=15
  license: MIT
  license_family: MIT
  size: 20452
  timestamp: 1774693886972
- conda: https://prefix.dev/rock-the-conda-strix/linux-64/rocm-smi-7.0.2-hf88c81a_0.conda
  sha256: 0b3175afa3bed5fb72992203f3d2cb8b292f34432f088ad01ab088e95392444e
  md5: 1fec187d6136b5943b414b6f323d0ab3
  depends:
  - __glibc >=2.17,<3.0.a0
  - libdrm >=2.4.125,<2.5.0a0
  - libgcc >=15
  - libstdcxx >=15
  - rocm-core >=7.0.2,<7.1.0a0
  license: NCSA
  license_family: OTHER
  size: 606199
  timestamp: 1774694956298
- conda: https://prefix.dev/rock-the-conda-strix/linux-64/rocr-runtime-7.0.2-h2d6932b_0.conda
  sha256: ae674535400f7fd97fab8e7419372460cb0243184c10d55e5920c1889c8f9b48
  md5: c224939c4aa56e73d8aacab1d956093a
  depends:
  - __glibc >=2.17,<3.0.a0
  - elfutils >=0.192,<0.193.0a0
  - libdrm >=2.4.125,<2.5.0a0
  - libgcc >=15
  - libnuma >=2.0.18,<3.0a0
  - libstdcxx >=15
  - libzlib >=1.3.2,<2.0a0
  - rocm-core >=7.0.2,<7.1.0a0
  license: NCSA
  license_family: MIT
  size: 760091
  timestamp: 1774694415372
- conda: https://prefix.dev/rock-the-conda-strix/linux-64/rocsolver-7.0.2-h7088647_0.conda
  sha256: d3206f4340cd62542af265622d29cc30da95754b93f86002b3f4c09c5900ad66
  md5: 3c4fff3f33e6bca8ad044dcf6f253c7e
  depends:
  - libstdcxx >=15
  - libgcc >=15
  - __glibc >=2.17,<3.0.a0
  - rocblas >=7.0.2,<7.1.0a0
  - rocm-core >=7.0.2,<7.1.0a0
  license: MIT
  license_family: MIT
  size: 30333990
  timestamp: 1774699048064
- conda: https://prefix.dev/rock-the-conda-strix/linux-64/roctracer-7.0.2-h7088647_0.conda
  sha256: 9d59daba391183ff48c7db0025487fd18536d8b1eb5ab8f9ef74e004c2b81477
  md5: aa9c2376b8ba8dd9bda1ddc3c5ba9f16
  depends:
  - libstdcxx >=15
  - libgcc >=15
  - __glibc >=2.17,<3.0.a0
  - hip-runtime-amd >=7.0.2,<8.0a0
  - rocm-core >=7.0.2,<7.1.0a0
  license: MIT
  license_family: MIT
  size: 1181740
  timestamp: 1774694971702
- conda: https://prefix.dev/conda-forge/linux-64/shaderc-2025.5-h718be3e_1.conda
  sha256: 0c2d6f24ee2b614ee1da4d7d99cc9944ea1ace65455a47d48d8c1f726317168a
  md5: 8dc8dda113c4c568256bdd486b6e842e
  depends:
  - __glibc >=2.17,<3.0.a0
  - glslang >=16,<17.0a0
  - libgcc >=14
  - libstdcxx >=14
  - spirv-tools >=2026,<2027.0a0
  license: Apache-2.0
  license_family: Apache
  size: 113513
  timestamp: 1770208767759
- conda: https://prefix.dev/conda-forge/linux-64/spdlog-1.15.3-h6dc744f_1.conda
  sha256: e5ddcc73dac4c138b763aab4feace6101bdccf39ea4cf599705c9625c70beba0
  md5: ffeb70e2cedafa9243bf89a20ada4cfe
  depends:
  - __glibc >=2.17,<3.0.a0
  - fmt >=11.2.0,<11.3.0a0
  - libgcc >=13
  - libstdcxx >=13
  license: MIT
  license_family: MIT
  size: 195618
  timestamp: 1751348678073
- conda: https://prefix.dev/conda-forge/linux-64/spirv-tools-2026.1-hb700be7_0.conda
  sha256: 003180b3a2e0c6490b1f3461cf9e0ed740b1bbf88ee4b73ee177b94bea0dc95d
  md5: 8809e0bd5ec279bfe4bb6651c3ed2730
  depends:
  - __glibc >=2.17,<3.0.a0
  - libgcc >=14
  - libstdcxx >=14
  constrains:
  - spirv-headers >=1.4.341.0,<1.4.341.1.0a0
  license: Apache-2.0
  license_family: APACHE
  size: 2296977
  timestamp: 1770089626195
- conda: https://prefix.dev/conda-forge/linux-64/tbb-2022.3.0-hb700be7_2.conda
  sha256: 975710e4b7f1b13c3c30b7fbf21e22f50abe0463b6b47a231582fdedcc45c961
  md5: 8f7278ca5f7456a974992a8b34284737
  depends:
  - __glibc >=2.17,<3.0.a0
  - libgcc >=14
  - libhwloc >=2.12.2,<2.12.3.0a0
  - libstdcxx >=14
  license: Apache-2.0
  license_family: APACHE
  size: 181329
  timestamp: 1767886632911
- conda: https://prefix.dev/conda-forge/linux-64/xorg-libx11-1.8.13-he1eb515_0.conda
  sha256: 516d4060139dbb4de49a4dcdc6317a9353fb39ebd47789c14e6fe52de0deee42
  md5: 861fb6ccbc677bb9a9fb2468430b9c6a
  depends:
  - __glibc >=2.17,<3.0.a0
  - libgcc >=14
  - libxcb >=1.17.0,<2.0a0
  license: MIT
  license_family: MIT
  size: 839652
  timestamp: 1770819209719
- conda: https://prefix.dev/conda-forge/linux-64/xorg-libxau-1.0.12-hb03c661_1.conda
  sha256: 6bc6ab7a90a5d8ac94c7e300cc10beb0500eeba4b99822768ca2f2ef356f731b
  md5: b2895afaf55bf96a8c8282a2e47a5de0
  depends:
  - __glibc >=2.17,<3.0.a0
  - libgcc >=14
  license: MIT
  license_family: MIT
  size: 15321
  timestamp: 1762976464266
- conda: https://prefix.dev/conda-forge/linux-64/xorg-libxdmcp-1.1.5-hb03c661_1.conda
  sha256: 25d255fb2eef929d21ff660a0c687d38a6d2ccfbcbf0cc6aa738b12af6e9d142
  md5: 1dafce8548e38671bea82e3f5c6ce22f
  depends:
  - __glibc >=2.17,<3.0.a0
  - libgcc >=14
  license: MIT
  license_family: MIT
  size: 20591
  timestamp: 1762976546182
- conda: https://prefix.dev/conda-forge/linux-64/xorg-libxext-1.3.7-hb03c661_0.conda
  sha256: 79c60fc6acfd3d713d6340d3b4e296836a0f8c51602327b32794625826bd052f
  md5: 34e54f03dfea3e7a2dcf1453a85f1085
  depends:
  - __glibc >=2.17,<3.0.a0
  - libgcc >=14
  - xorg-libx11 >=1.8.12,<2.0a0
  license: MIT
  license_family: MIT
  size: 50326
  timestamp: 1769445253162
- conda: https://prefix.dev/conda-forge/linux-64/xorg-libxrandr-1.5.5-hb03c661_0.conda
  sha256: 80ed047a5cb30632c3dc5804c7716131d767089f65877813d4ae855ee5c9d343
  md5: e192019153591938acf7322b6459d36e
  depends:
  - __glibc >=2.17,<3.0.a0
  - libgcc >=14
  - xorg-libx11 >=1.8.12,<2.0a0
  - xorg-libxext >=1.3.6,<2.0a0
  - xorg-libxrender >=0.9.12,<0.10.0a0
  license: MIT
  license_family: MIT
  size: 30456
  timestamp: 1769445263457
- conda: https://prefix.dev/conda-forge/linux-64/xorg-libxrender-0.9.12-hb9d3cd8_0.conda
  sha256: 044c7b3153c224c6cedd4484dd91b389d2d7fd9c776ad0f4a34f099b3389f4a1
  md5: 96d57aba173e878a2089d5638016dc5e
  depends:
  - __glibc >=2.17,<3.0.a0
  - libgcc >=13
  - xorg-libx11 >=1.8.10,<2.0a0
  license: MIT
  license_family: MIT
  size: 33005
  timestamp: 1734229037766
- conda: https://prefix.dev/conda-forge/linux-64/zstd-1.5.7-hb78ec9c_6.conda
  sha256: 68f0206ca6e98fea941e5717cec780ed2873ffabc0e1ed34428c061e2c6268c7
  md5: 4a13eeac0b5c8e5b8ab496e6c4ddd829
  depends:
  - __glibc >=2.17,<3.0.a0
  - libzlib >=1.3.1,<2.0a0
  license: BSD-3-Clause
  license_family: BSD
  size: 601375
  timestamp: 1764777111296
